// !$*UTF8*$!
{
	archiveVersion = 1;
	classes = {
	};
	objectVersion = 50;
	objects = {

/* Begin PBXBuildFile section */
		2E0300F822DF983100C24968 /* AppDelegate.swift in Sources */ = {isa = PBXBuildFile; fileRef = 2E0300F722DF983100C24968 /* AppDelegate.swift */; };
		2E0300FA22DF983100C24968 /* ViewController.swift in Sources */ = {isa = PBXBuildFile; fileRef = 2E0300F922DF983100C24968 /* ViewController.swift */; };
		2E0300FD22DF983100C24968 /* Main.storyboard in Resources */ = {isa = PBXBuildFile; fileRef = 2E0300FB22DF983100C24968 /* Main.storyboard */; };
		2E0300FF22DF983300C24968 /* Assets.xcassets in Resources */ = {isa = PBXBuildFile; fileRef = 2E0300FE22DF983300C24968 /* Assets.xcassets */; };
		2E03010222DF983300C24968 /* LaunchScreen.storyboard in Resources */ = {isa = PBXBuildFile; fileRef = 2E03010022DF983300C24968 /* LaunchScreen.storyboard */; };
		2E03010D22DF983300C24968 /* oiTests.swift in Sources */ = {isa = PBXBuildFile; fileRef = 2E03010C22DF983300C24968 /* oiTests.swift */; };
		2E03011822DF983300C24968 /* oiUITests.swift in Sources */ = {isa = PBXBuildFile; fileRef = 2E03011722DF983300C24968 /* oiUITests.swift */; };
/* End PBXBuildFile section */

/* Begin PBXContainerItemProxy section */
		2E03010922DF983300C24968 /* PBXContainerItemProxy */ = {
			isa = PBXContainerItemProxy;
			containerPortal = 2E0300EC22DF983100C24968 /* Project object */;
			proxyType = 1;
			remoteGlobalIDString = 2E0300F322DF983100C24968;
			remoteInfo = oi;
		};
		2E03011422DF983300C24968 /* PBXContainerItemProxy */ = {
			isa = PBXContainerItemProxy;
			containerPortal = 2E0300EC22DF983100C24968 /* Project object */;
			proxyType = 1;
			remoteGlobalIDString = 2E0300F322DF983100C24968;
			remoteInfo = oi;
		};
/* End PBXContainerItemProxy section */

/* Begin PBXFileReference section */
		2E0300F422DF983100C24968 /* oi.app */ = {isa = PBXFileReference; explicitFileType = wrapper.application; includeInIndex = 0; path = oi.app; sourceTree = BUILT_PRODUCTS_DIR; };
		2E0300F722DF983100C24968 /* AppDelegate.swift */ = {isa = PBXFileReference; lastKnownFileType = sourcecode.swift; path = AppDelegate.swift; sourceTree = "<group>"; };
		2E0300F922DF983100C24968 /* ViewController.swift */ = {isa = PBXFileReference; lastKnownFileType = sourcecode.swift; path = ViewController.swift; sourceTree = "<group>"; };
		2E0300FC22DF983100C24968 /* Base */ = {isa = PBXFileReference; lastKnownFileType = file.storyboard; name = Base; path = Base.lproj/Main.storyboard; sourceTree = "<group>"; };
		2E0300FE22DF983300C24968 /* Assets.xcassets */ = {isa = PBXFileReference; lastKnownFileType = folder.assetcatalog; path = Assets.xcassets; sourceTree = "<group>"; };
		2E03010122DF983300C24968 /* Base */ = {isa = PBXFileReference; lastKnownFileType = file.storyboard; name = Base; path = Base.lproj/LaunchScreen.storyboard; sourceTree = "<group>"; };
		2E03010322DF983300C24968 /* Info.plist */ = {isa = PBXFileReference; lastKnownFileType = text.plist.xml; path = Info.plist; sourceTree = "<group>"; };
		2E03010822DF983300C24968 /* oiTests.xctest */ = {isa = PBXFileReference; explicitFileType = wrapper.cfbundle; includeInIndex = 0; path = oiTests.xctest; sourceTree = BUILT_PRODUCTS_DIR; };
		2E03010C22DF983300C24968 /* oiTests.swift */ = {isa = PBXFileReference; lastKnownFileType = sourcecode.swift; path = oiTests.swift; sourceTree = "<group>"; };
		2E03010E22DF983300C24968 /* Info.plist */ = {isa = PBXFileReference; lastKnownFileType = text.plist.xml; path = Info.plist; sourceTree = "<group>"; };
		2E03011322DF983300C24968 /* oiUITests.xctest */ = {isa = PBXFileReference; explicitFileType = wrapper.cfbundle; includeInIndex = 0; path = oiUITests.xctest; sourceTree = BUILT_PRODUCTS_DIR; };
		2E03011722DF983300C24968 /* oiUITests.swift */ = {isa = PBXFileReference; lastKnownFileType = sourcecode.swift; path = oiUITests.swift; sourceTree = "<group>"; };
		2E03011922DF983300C24968 /* Info.plist */ = {isa = PBXFileReference; lastKnownFileType = text.plist.xml; path = Info.plist; sourceTree = "<group>"; };
/* End PBXFileReference section */

/* Begin PBXFrameworksBuildPhase section */
		2E0300F122DF983100C24968 /* Frameworks */ = {
			isa = PBXFrameworksBuildPhase;
			buildActionMask = 2147483647;
			files = (
			);
			runOnlyForDeploymentPostprocessing = 0;
		};
		2E03010522DF983300C24968 /* Frameworks */ = {
			isa = PBXFrameworksBuildPhase;
			buildActionMask = 2147483647;
			files = (
			);
			runOnlyForDeploymentPostprocessing = 0;
		};
		2E03011022DF983300C24968 /* Frameworks */ = {
			isa = PBXFrameworksBuildPhase;
			buildActionMask = 2147483647;
			files = (
			);
			runOnlyForDeploymentPostprocessing = 0;
		};
/* End PBXFrameworksBuildPhase section */

/* Begin PBXGroup section */
		2E0300EB22DF983100C24968 = {
			isa = PBXGroup;
			children = (
				2E0300F622DF983100C24968 /* oi */,
				2E03010B22DF983300C24968 /* oiTests */,
				2E03011622DF983300C24968 /* oiUITests */,
				2E0300F522DF983100C24968 /* Products */,
			);
			sourceTree = "<group>";
		};
		2E0300F522DF983100C24968 /* Products */ = {
			isa = PBXGroup;
			children = (
				2E0300F422DF983100C24968 /* oi.app */,
				2E03010822DF983300C24968 /* oiTests.xctest */,
				2E03011322DF983300C24968 /* oiUITests.xctest */,
			);
			name = Products;
			sourceTree = "<group>";
		};
		2E0300F622DF983100C24968 /* oi */ = {
			isa = PBXGroup;
			children = (
				2E0300F722DF983100C24968 /* AppDelegate.swift */,
				2E0300F922DF983100C24968 /* ViewController.swift */,
				2E0300FB22DF983100C24968 /* Main.storyboard */,
				2E0300FE22DF983300C24968 /* Assets.xcassets */,
				2E03010022DF983300C24968 /* LaunchScreen.storyboard */,
				2E03010322DF983300C24968 /* Info.plist */,
			);
			path = oi;
			sourceTree = "<group>";
		};
		2E03010B22DF983300C24968 /* oiTests */ = {
			isa = PBXGroup;
			children = (
				2E03010C22DF983300C24968 /* oiTests.swift */,
				2E03010E22DF983300C24968 /* Info.plist */,
			);
			path = oiTests;
			sourceTree = "<group>";
		};
		2E03011622DF983300C24968 /* oiUITests */ = {
			isa = PBXGroup;
			children = (
				2E03011722DF983300C24968 /* oiUITests.swift */,
				2E03011922DF983300C24968 /* Info.plist */,
			);
			path = oiUITests;
			sourceTree = "<group>";
		};
/* End PBXGroup section */

/* Begin PBXNativeTarget section */
		2E0300F322DF983100C24968 /* oi */ = {
			isa = PBXNativeTarget;
			buildConfigurationList = 2E03011C22DF983300C24968 /* Build configuration list for PBXNativeTarget "oi" */;
			buildPhases = (
				2E0300F022DF983100C24968 /* Sources */,
				2E0300F122DF983100C24968 /* Frameworks */,
				2E0300F222DF983100C24968 /* Resources */,
			);
			buildRules = (
			);
			dependencies = (
			);
			name = oi;
			productName = oi;
			productReference = 2E0300F422DF983100C24968 /* oi.app */;
			productType = "com.apple.product-type.application";
		};
		2E03010722DF983300C24968 /* oiTests */ = {
			isa = PBXNativeTarget;
			buildConfigurationList = 2E03011F22DF983300C24968 /* Build configuration list for PBXNativeTarget "oiTests" */;
			buildPhases = (
				2E03010422DF983300C24968 /* Sources */,
				2E03010522DF983300C24968 /* Frameworks */,
				2E03010622DF983300C24968 /* Resources */,
			);
			buildRules = (
			);
			dependencies = (
				2E03010A22DF983300C24968 /* PBXTargetDependency */,
			);
			name = oiTests;
			productName = oiTests;
			productReference = 2E03010822DF983300C24968 /* oiTests.xctest */;
			productType = "com.apple.product-type.bundle.unit-test";
		};
		2E03011222DF983300C24968 /* oiUITests */ = {
			isa = PBXNativeTarget;
			buildConfigurationList = 2E03012222DF983300C24968 /* Build configuration list for PBXNativeTarget "oiUITests" */;
			buildPhases = (
				2E03010F22DF983300C24968 /* Sources */,
				2E03011022DF983300C24968 /* Frameworks */,
				2E03011122DF983300C24968 /* Resources */,
			);
			buildRules = (
			);
			dependencies = (
				2E03011522DF983300C24968 /* PBXTargetDependency */,
			);
			name = oiUITests;
			productName = oiUITests;
			productReference = 2E03011322DF983300C24968 /* oiUITests.xctest */;
			productType = "com.apple.product-type.bundle.ui-testing";
		};
/* End PBXNativeTarget section */

/* Begin PBXProject section */
		2E0300EC22DF983100C24968 /* Project object */ = {
			isa = PBXProject;
			attributes = {
				LastSwiftUpdateCheck = 1020;
				LastUpgradeCheck = 1020;
				ORGANIZATIONNAME = "Aline Gomes";
				TargetAttributes = {
					2E0300F322DF983100C24968 = {
						CreatedOnToolsVersion = 10.2.1;
					};
					2E03010722DF983300C24968 = {
						CreatedOnToolsVersion = 10.2.1;
						TestTargetID = 2E0300F322DF983100C24968;
					};
					2E03011222DF983300C24968 = {
						CreatedOnToolsVersion = 10.2.1;
						TestTargetID = 2E0300F322DF983100C24968;
					};
				};
			};
			buildConfigurationList = 2E0300EF22DF983100C24968 /* Build configuration list for PBXProject "oi" */;
			compatibilityVersion = "Xcode 9.3";
			developmentRegion = en;
			hasScannedForEncodings = 0;
			knownRegions = (
				en,
				Base,
			);
			mainGroup = 2E0300EB22DF983100C24968;
			productRefGroup = 2E0300F522DF983100C24968 /* Products */;
			projectDirPath = "";
			projectRoot = "";
			targets = (
				2E0300F322DF983100C24968 /* oi */,
				2E03010722DF983300C24968 /* oiTests */,
				2E03011222DF983300C24968 /* oiUITests */,
			);
		};
/* End PBXProject section */

/* Begin PBXResourcesBuildPhase section */
		2E0300F222DF983100C24968 /* Resources */ = {
			isa = PBXResourcesBuildPhase;
			buildActionMask = 2147483647;
			files = (
				2E03010222DF983300C24968 /* LaunchScreen.storyboard in Resources */,
				2E0300FF22DF983300C24968 /* Assets.xcassets in Resources */,
				2E0300FD22DF983100C24968 /* Main.storyboard in Resources */,
			);
			runOnlyForDeploymentPostprocessing = 0;
		};
		2E03010622DF983300C24968 /* Resources */ = {
			isa = PBXResourcesBuildPhase;
			buildActionMask = 2147483647;
			files = (
			);
			runOnlyForDeploymentPostprocessing = 0;
		};
		2E03011122DF983300C24968 /* Resources */ = {
			isa = PBXResourcesBuildPhase;
			buildActionMask = 2147483647;
			files = (
			);
			runOnlyForDeploymentPostprocessing = 0;
		};
/* End PBXResourcesBuildPhase section */

/* Begin PBXSourcesBuildPhase section */
		2E0300F022DF983100C24968 /* Sources */ = {
			isa = PBXSourcesBuildPhase;
			buildActionMask = 2147483647;
			files = (
				2E0300FA22DF983100C24968 /* ViewController.swift in Sources */,
				2E0300F822DF983100C24968 /* AppDelegate.swift in Sources */,
			);
			runOnlyForDeploymentPostprocessing = 0;
		};
		2E03010422DF983300C24968 /* Sources */ = {
			isa = PBXSourcesBuildPhase;
			buildActionMask = 2147483647;
			files = (
				2E03010D22DF983300C24968 /* oiTests.swift in Sources */,
			);
			runOnlyForDeploymentPostprocessing = 0;
		};
		2E03010F22DF983300C24968 /* Sources */ = {
			isa = PBXSourcesBuildPhase;
			buildActionMask = 2147483647;
			files = (
				2E03011822DF983300C24968 /* oiUITests.swift in Sources */,
			);
			runOnlyForDeploymentPostprocessing = 0;
		};
/* End PBXSourcesBuildPhase section */

/* Begin PBXTargetDependency section */
		2E03010A22DF983300C24968 /* PBXTargetDependency */ = {
			isa = PBXTargetDependency;
			target = 2E0300F322DF983100C24968 /* oi */;
			targetProxy = 2E03010922DF983300C24968 /* PBXContainerItemProxy */;
		};
		2E03011522DF983300C24968 /* PBXTargetDependency */ = {
			isa = PBXTargetDependency;
			target = 2E0300F322DF983100C24968 /* oi */;
			targetProxy = 2E03011422DF983300C24968 /* PBXContainerItemProxy */;
		};
/* End PBXTargetDependency section */

/* Begin PBXVariantGroup section */
		2E0300FB22DF983100C24968 /* Main.storyboard */ = {
			isa = PBXVariantGroup;
			children = (
				2E0300FC22DF983100C24968 /* Base */,
			);
			name = Main.storyboard;
			sourceTree = "<group>";
		};
		2E03010022DF983300C24968 /* LaunchScreen.storyboard */ = {
			isa = PBXVariantGroup;
			children = (
				2E03010122DF983300C24968 /* Base */,
			);
			name = LaunchScreen.storyboard;
			sourceTree = "<group>";
		};
/* End PBXVariantGroup section */

/* Begin XCBuildConfiguration section */
		2E03011A22DF983300C24968 /* Debug */ = {
			isa = XCBuildConfiguration;
			buildSettings = {
				ALWAYS_SEARCH_USER_PATHS = NO;
				CLANG_ANALYZER_NONNULL = YES;
				CLANG_ANALYZER_NUMBER_OBJECT_CONVERSION = YES_AGGRESSIVE;
				CLANG_CXX_LANGUAGE_STANDARD = "gnu++14";
				CLANG_CXX_LIBRARY = "libc++";
				CLANG_ENABLE_MODULES = YES;
				CLANG_ENABLE_OBJC_ARC = YES;
				CLANG_ENABLE_OBJC_WEAK = YES;
				CLANG_WARN_BLOCK_CAPTURE_AUTORELEASING = YES;
				CLANG_WARN_BOOL_CONVERSION = YES;
				CLANG_WARN_COMMA = YES;
				CLANG_WARN_CONSTANT_CONVERSION = YES;
				CLANG_WARN_DEPRECATED_OBJC_IMPLEMENTATIONS = YES;
				CLANG_WARN_DIRECT_OBJC_ISA_USAGE = YES_ERROR;
				CLANG_WARN_DOCUMENTATION_COMMENTS = YES;
				CLANG_WARN_EMPTY_BODY = YES;
				CLANG_WARN_ENUM_CONVERSION = YES;
				CLANG_WARN_INFINITE_RECURSION = YES;
				CLANG_WARN_INT_CONVERSION = YES;
				CLANG_WARN_NON_LITERAL_NULL_CONVERSION = YES;
				CLANG_WARN_OBJC_IMPLICIT_RETAIN_SELF = YES;
				CLANG_WARN_OBJC_LITERAL_CONVERSION = YES;
				CLANG_WARN_OBJC_ROOT_CLASS = YES_ERROR;
				CLANG_WARN_RANGE_LOOP_ANALYSIS = YES;
				CLANG_WARN_STRICT_PROTOTYPES = YES;
				CLANG_WARN_SUSPICIOUS_MOVE = YES;
				CLANG_WARN_UNGUARDED_AVAILABILITY = YES_AGGRESSIVE;
				CLANG_WARN_UNREACHABLE_CODE = YES;
				CLANG_WARN__DUPLICATE_METHOD_MATCH = YES;
				CODE_SIGN_IDENTITY = "iPhone Developer";
				COPY_PHASE_STRIP = NO;
				DEBUG_INFORMATION_FORMAT = dwarf;
				ENABLE_STRICT_OBJC_MSGSEND = YES;
				ENABLE_TESTABILITY = YES;
				GCC_C_LANGUAGE_STANDARD = gnu11;
				GCC_DYNAMIC_NO_PIC = NO;
				GCC_NO_COMMON_BLOCKS = YES;
				GCC_OPTIMIZATION_LEVEL = 0;
				GCC_PREPROCESSOR_DEFINITIONS = (
					"DEBUG=1",
					"$(inherited)",
				);
				GCC_WARN_64_TO_32_BIT_CONVERSION = YES;
				GCC_WARN_ABOUT_RETURN_TYPE = YES_ERROR;
				GCC_WARN_UNDECLARED_SELECTOR = YES;
				GCC_WARN_UNINITIALIZED_AUTOS = YES_AGGRESSIVE;
				GCC_WARN_UNUSED_FUNCTION = YES;
				GCC_WARN_UNUSED_VARIABLE = YES;
				IPHONEOS_DEPLOYMENT_TARGET = 12.2;
				MTL_ENABLE_DEBUG_INFO = INCLUDE_SOURCE;
				MTL_FAST_MATH = YES;
				ONLY_ACTIVE_ARCH = YES;
				SDKROOT = iphoneos;
				SWIFT_ACTIVE_COMPILATION_CONDITIONS = DEBUG;
				SWIFT_OPTIMIZATION_LEVEL = "-Onone";
			};
			name = Debug;
		};
		2E03011B22DF983300C24968 /* Release */ = {
			isa = XCBuildConfiguration;
			buildSettings = {
				ALWAYS_SEARCH_USER_PATHS = NO;
				CLANG_ANALYZER_NONNULL = YES;
				CLANG_ANALYZER_NUMBER_OBJECT_CONVERSION = YES_AGGRESSIVE;
				CLANG_CXX_LANGUAGE_STANDARD = "gnu++14";
				CLANG_CXX_LIBRARY = "libc++";
				CLANG_ENABLE_MODULES = YES;
				CLANG_ENABLE_OBJC_ARC = YES;
				CLANG_ENABLE_OBJC_WEAK = YES;
				CLANG_WARN_BLOCK_CAPTURE_AUTORELEASING = YES;
				CLANG_WARN_BOOL_CONVERSION = YES;
				CLANG_WARN_COMMA = YES;
				CLANG_WARN_CONSTANT_CONVERSION = YES;
				CLANG_WARN_DEPRECATED_OBJC_IMPLEMENTATIONS = YES;
				CLANG_WARN_DIRECT_OBJC_ISA_USAGE = YES_ERROR;
				CLANG_WARN_DOCUMENTATION_COMMENTS = YES;
				CLANG_WARN_EMPTY_BODY = YES;
				CLANG_WARN_ENUM_CONVERSION = YES;
				CLANG_WARN_INFINITE_RECURSION = YES;
				CLANG_WARN_INT_CONVERSION = YES;
				CLANG_WARN_NON_LITERAL_NULL_CONVERSION = YES;
				CLANG_WARN_OBJC_IMPLICIT_RETAIN_SELF = YES;
				CLANG_WARN_OBJC_LITERAL_CONVERSION = YES;
				CLANG_WARN_OBJC_ROOT_CLASS = YES_ERROR;
				CLANG_WARN_RANGE_LOOP_ANALYSIS = YES;
				CLANG_WARN_STRICT_PROTOTYPES = YES;
				CLANG_WARN_SUSPICIOUS_MOVE = YES;
				CLANG_WARN_UNGUARDED_AVAILABILITY = YES_AGGRESSIVE;
				CLANG_WARN_UNREACHABLE_CODE = YES;
				CLANG_WARN__DUPLICATE_METHOD_MATCH = YES;
				CODE_SIGN_IDENTITY = "iPhone Developer";
				COPY_PHASE_STRIP = NO;
				DEBUG_INFORMATION_FORMAT = "dwarf-with-dsym";
				ENABLE_NS_ASSERTIONS = NO;
				ENABLE_STRICT_OBJC_MSGSEND = YES;
				GCC_C_LANGUAGE_STANDARD = gnu11;
				GCC_NO_COMMON_BLOCKS = YES;
				GCC_WARN_64_TO_32_BIT_CONVERSION = YES;
				GCC_WARN_ABOUT_RETURN_TYPE = YES_ERROR;
				GCC_WARN_UNDECLARED_SELECTOR = YES;
				GCC_WARN_UNINITIALIZED_AUTOS = YES_AGGRESSIVE;
				GCC_WARN_UNUSED_FUNCTION = YES;
				GCC_WARN_UNUSED_VARIABLE = YES;
				IPHONEOS_DEPLOYMENT_TARGET = 12.2;
				MTL_ENABLE_DEBUG_INFO = NO;
				MTL_FAST_MATH = YES;
				SDKROOT = iphoneos;
				SWIFT_COMPILATION_MODE = wholemodule;
				SWIFT_OPTIMIZATION_LEVEL = "-O";
				VALIDATE_PRODUCT = YES;
			};
			name = Release;
		};
		2E03011D22DF983300C24968 /* Debug */ = {
			isa = XCBuildConfiguration;
			buildSettings = {
				ASSETCATALOG_COMPILER_APPICON_NAME = AppIcon;
				CODE_SIGN_STYLE = Automatic;
				DEVELOPMENT_TEAM = WQRU68WG8V;
				INFOPLIST_FILE = oi/Info.plist;
				LD_RUNPATH_SEARCH_PATHS = (
					"$(inherited)",
					"@executable_path/Frameworks",
				);
				PRODUCT_BUNDLE_IDENTIFIER = gomesaline.oi;
				PRODUCT_NAME = "$(TARGET_NAME)";
				SWIFT_VERSION = 5.0;
				TARGETED_DEVICE_FAMILY = "1,2";
			};
			name = Debug;
		};
		2E03011E22DF983300C24968 /* Release */ = {
			isa = XCBuildConfiguration;
			buildSettings = {
				ASSETCATALOG_COMPILER_APPICON_NAME = AppIcon;
				CODE_SIGN_STYLE = Automatic;
				DEVELOPMENT_TEAM = WQRU68WG8V;
				INFOPLIST_FILE = oi/Info.plist;
				LD_RUNPATH_SEARCH_PATHS = (
					"$(inherited)",
					"@executable_path/Frameworks",
				);
				PRODUCT_BUNDLE_IDENTIFIER = gomesaline.oi;
				PRODUCT_NAME = "$(TARGET_NAME)";
				SWIFT_VERSION = 5.0;
				TARGETED_DEVICE_FAMILY = "1,2";
			};
			name = Release;
		};
		2E03012022DF983300C24968 /* Debug */ = {
			isa = XCBuildConfiguration;
			buildSettings = {
				ALWAYS_EMBED_SWIFT_STANDARD_LIBRARIES = YES;
				BUNDLE_LOADER = "$(TEST_HOST)";
				CODE_SIGN_STYLE = Automatic;
				DEVELOPMENT_TEAM = WQRU68WG8V;
				INFOPLIST_FILE = oiTests/Info.plist;
				LD_RUNPATH_SEARCH_PATHS = (
					"$(inherited)",
					"@executable_path/Frameworks",
					"@loader_path/Frameworks",
				);
				PRODUCT_BUNDLE_IDENTIFIER = gomesaline.oiTests;
				PRODUCT_NAME = "$(TARGET_NAME)";
				SWIFT_VERSION = 5.0;
				TARGETED_DEVICE_FAMILY = "1,2";
				TEST_HOST = "$(BUILT_PRODUCTS_DIR)/oi.app/oi";
			};
			name = Debug;
		};
		2E03012122DF983300C24968 /* Release */ = {
			isa = XCBuildConfiguration;
			buildSettings = {
				ALWAYS_EMBED_SWIFT_STANDARD_LIBRARIES = YES;
				BUNDLE_LOADER = "$(TEST_HOST)";
				CODE_SIGN_STYLE = Automatic;
				DEVELOPMENT_TEAM = WQRU68WG8V;
				INFOPLIST_FILE = oiTests/Info.plist;
				LD_RUNPATH_SEARCH_PATHS = (
					"$(inherited)",
					"@executable_path/Frameworks",
					"@loader_path/Frameworks",
				);
				PRODUCT_BUNDLE_IDENTIFIER = gomesaline.oiTests;
				PRODUCT_NAME = "$(TARGET_NAME)";
				SWIFT_VERSION = 5.0;
				TARGETED_DEVICE_FAMILY = "1,2";
				TEST_HOST = "$(BUILT_PRODUCTS_DIR)/oi.app/oi";
			};
			name = Release;
		};
		2E03012322DF983300C24968 /* Debug */ = {
			isa = XCBuildConfiguration;
			buildSettings = {
				ALWAYS_EMBED_SWIFT_STANDARD_LIBRARIES = YES;
				CODE_SIGN_STYLE = Automatic;
				DEVELOPMENT_TEAM = WQRU68WG8V;
				INFOPLIST_FILE = oiUITests/Info.plist;
				LD_RUNPATH_SEARCH_PATHS = (
					"$(inherited)",
					"@executable_path/Frameworks",
					"@loader_path/Frameworks",
				);
				PRODUCT_BUNDLE_IDENTIFIER = gomesaline.oiUITests;
				PRODUCT_NAME = "$(TARGET_NAME)";
				SWIFT_VERSION = 5.0;
				TARGETED_DEVICE_FAMILY = "1,2";
				TEST_TARGET_NAME = oi;
			};
			name = Debug;
		};
		2E03012422DF983300C24968 /* Release */ = {
			isa = XCBuildConfiguration;
			buildSettings = {
				ALWAYS_EMBED_SWIFT_STANDARD_LIBRARIES = YES;
				CODE_SIGN_STYLE = Automatic;
				DEVELOPMENT_TEAM = WQRU68WG8V;
				INFOPLIST_FILE = oiUITests/Info.plist;
				LD_RUNPATH_SEARCH_PATHS = (
					"$(inherited)",
					"@executable_path/Frameworks",
					"@loader_path/Frameworks",
				);
				PRODUCT_BUNDLE_IDENTIFIER = gomesaline.oiUITests;
				PRODUCT_NAME = "$(TARGET_NAME)";
				SWIFT_VERSION = 5.0;
				TARGETED_DEVICE_FAMILY = "1,2";
				TEST_TARGET_NAME = oi;
			};
			name = Release;
		};
/* End XCBuildConfiguration section */

/* Begin XCConfigurationList section */
		2E0300EF22DF983100C24968 /* Build configuration list for PBXProject "oi" */ = {
			isa = XCConfigurationList;
			buildConfigurations = (
				2E03011A22DF983300C24968 /* Debug */,
				2E03011B22DF983300C24968 /* Release */,
			);
			defaultConfigurationIsVisible = 0;
			defaultConfigurationName = Release;
		};
		2E03011C22DF983300C24968 /* Build configuration list for PBXNativeTarget "oi" */ = {
			isa = XCConfigurationList;
			buildConfigurations = (
				2E03011D22DF983300C24968 /* Debug */,
				2E03011E22DF983300C24968 /* Release */,
			);
			defaultConfigurationIsVisible = 0;
			defaultConfigurationName = Release;
		};
		2E03011F22DF983300C24968 /* Build configuration list for PBXNativeTarget "oiTests" */ = {
			isa = XCConfigurationList;
			buildConfigurations = (
				2E03012022DF983300C24968 /* Debug */,
				2E03012122DF983300C24968 /* Release */,
			);
			defaultConfigurationIsVisible = 0;
			defaultConfigurationName = Release;
		};
		2E03012222DF983300C24968 /* Build configuration list for PBXNativeTarget "oiUITests" */ = {
			isa = XCConfigurationList;
			buildConfigurations = (
				2E03012322DF983300C24968 /* Debug */,
				2E03012422DF983300C24968 /* Release */,
			);
			defaultConfigurationIsVisible = 0;
			defaultConfigurationName = Release;
		};
/* End XCConfigurationList section */
	};
	rootObject = 2E0300EC22DF983100C24968 /* Project object */;
}
